
Microsoft Visual Studio Solution File, Format Version 12.00
# Visual Studio Version 16
VisualStudioVersion = 16.0.28803.156
MinimumVisualStudioVersion = 10.0.40219.1
Project("{FAE04EC0-301F-11D3-BF4B-00C04F79EFBC}") = "Server", "ServerForm\Server.csproj", "{FDE7447E-DF10-4070-9657-D2CDD381CABB}"
EndProject
Project("{FAE04EC0-301F-11D3-BF4B-00C04F79EFBC}") = "Client", "ClientForm\Client.csproj", "{E1E017D6-70DB-404F-AA0A-3270ABCC632F}"
EndProject
Project("{FAE04EC0-301F-11D3-BF4B-00C04F79EFBC}") = "Service", "Service\Service.csproj", "{94A7AD9B-413C-449C-B8CA-7B9493DB8AAB}"
EndProject
Project("{FAE04EC0-301F-11D3-BF4B-00C04F79EFBC}") = "Testings", "Testings\Testings.csproj", "{E7259778-5A03-4993-A7D5-30C020967232}"
EndProject
Global
	GlobalSection(SolutionConfigurationPlatforms) = preSolution
		Debug|Any CPU = Debug|Any CPU
		Release|Any CPU = Release|Any CPU
	EndGlobalSection
	GlobalSection(ProjectConfigurationPlatforms) = postSolution
		{FDE7447E-DF10-4070-9657-D2CDD381CABB}.Debug|Any CPU.ActiveCfg = Debug|Any CPU
		{FDE7447E-DF10-4070-9657-D2CDD381CABB}.Debug|Any CPU.Build.0 = Debug|Any CPU
		{FDE7447E-DF10-4070-9657-D2CDD381CABB}.Release|Any CPU.ActiveCfg = Release|Any CPU
		{FDE7447E-DF10-4070-9657-D2CDD381CABB}.Release|Any CPU.Build.0 = Release|Any CPU
		{E1E017D6-70DB-404F-AA0A-3270ABCC632F}.Debug|Any CPU.ActiveCfg = Debug|Any CPU
		{E1E017D6-70DB-404F-AA0A-3270ABCC632F}.Debug|Any CPU.Build.0 = Debug|Any CPU
		{E1E017D6-70DB-404F-AA0A-3270ABCC632F}.Release|Any CPU.ActiveCfg = Release|Any CPU
		{E1E017D6-70DB-404F-AA0A-3270ABCC632F}.Release|Any CPU.Build.0 = Release|Any CPU
		{94A7AD9B-413C-449C-B8CA-7B9493DB8AAB}.Debug|Any CPU.ActiveCfg = Debug|Any CPU
		{94A7AD9B-413C-449C-B8CA-7B9493DB8AAB}.Debug|Any CPU.Build.0 = Debug|Any CPU
		{94A7AD9B-413C-449C-B8CA-7B9493DB8AAB}.Release|Any CPU.ActiveCfg = Release|Any CPU
		{94A7AD9B-413C-449C-B8CA-7B9493DB8AAB}.Release|Any CPU.Build.0 = Release|Any CPU
		{E7259778-5A03-4993-A7D5-30C020967232}.Debug|Any CPU.ActiveCfg = Debug|Any CPU
		{E7259778-5A03-4993-A7D5-30C020967232}.Debug|Any CPU.Build.0 = Debug|Any CPU
		{E7259778-5A03-4993-A7D5-30C020967232}.Release|Any CPU.ActiveCfg = Release|Any CPU
		{E7259778-5A03-4993-A7D5-30C020967232}.Release|Any CPU.Build.0 = Release|Any CPU
	EndGlobalSection
	GlobalSection(SolutionProperties) = preSolution
		HideSolutionNode = FALSE
	EndGlobalSection
	GlobalSection(ExtensibilityGlobals) = postSolution
		SolutionGuid = {F256A650-B821-4C14-902D-F04C97806D89}
	EndGlobalSection
EndGlobal
